// !$*UTF8*$!
{
	archiveVersion = 1;
	classes = {
	};
	objectVersion = 50;
	objects = {

/* Begin PBXBuildFile section */
		0F68FA8425B705680071CB4B /* GoogleService-Info.plist in Resources */ = {isa = PBXBuildFile; fileRef = 0F68FA8325B705680071CB4B /* GoogleService-Info.plist */; };
		0F813C3E25B694E90033017D /* AppDelegate.swift in Sources */ = {isa = PBXBuildFile; fileRef = 0F813C3D25B694E90033017D /* AppDelegate.swift */; };
		0F813C4025B694E90033017D /* SceneDelegate.swift in Sources */ = {isa = PBXBuildFile; fileRef = 0F813C3F25B694E90033017D /* SceneDelegate.swift */; };
		0F813C4525B694E90033017D /* Main.storyboard in Resources */ = {isa = PBXBuildFile; fileRef = 0F813C4325B694E90033017D /* Main.storyboard */; };
		0F813C4725B694E90033017D /* Assets.xcassets in Resources */ = {isa = PBXBuildFile; fileRef = 0F813C4625B694E90033017D /* Assets.xcassets */; };
		0F813C4A25B694E90033017D /* LaunchScreen.storyboard in Resources */ = {isa = PBXBuildFile; fileRef = 0F813C4825B694E90033017D /* LaunchScreen.storyboard */; };
		0F813C5525B694E90033017D /* textPostTests.swift in Sources */ = {isa = PBXBuildFile; fileRef = 0F813C5425B694E90033017D /* textPostTests.swift */; };
		0F813C6025B694E90033017D /* textPostUITests.swift in Sources */ = {isa = PBXBuildFile; fileRef = 0F813C5F25B694E90033017D /* textPostUITests.swift */; };
		0F813C7125B69D290033017D /* AddDiaryVC.swift in Sources */ = {isa = PBXBuildFile; fileRef = 0F813C7025B69D290033017D /* AddDiaryVC.swift */; };
		0F813C7625B69D3A0033017D /* SaveDiaryVC.swift in Sources */ = {isa = PBXBuildFile; fileRef = 0F813C7525B69D3A0033017D /* SaveDiaryVC.swift */; };
		0F813C7B25B69D490033017D /* LoadDiaryVC.swift in Sources */ = {isa = PBXBuildFile; fileRef = 0F813C7A25B69D490033017D /* LoadDiaryVC.swift */; };
/* End PBXBuildFile section */

/* Begin PBXContainerItemProxy section */
		0F813C5125B694E90033017D /* PBXContainerItemProxy */ = {
			isa = PBXContainerItemProxy;
			containerPortal = 0F813C3225B694E90033017D /* Project object */;
			proxyType = 1;
			remoteGlobalIDString = 0F813C3925B694E90033017D;
			remoteInfo = textPost;
		};
		0F813C5C25B694E90033017D /* PBXContainerItemProxy */ = {
			isa = PBXContainerItemProxy;
			containerPortal = 0F813C3225B694E90033017D /* Project object */;
			proxyType = 1;
			remoteGlobalIDString = 0F813C3925B694E90033017D;
			remoteInfo = textPost;
		};
/* End PBXContainerItemProxy section */

/* Begin PBXFileReference section */
		0F68FA8325B705680071CB4B /* GoogleService-Info.plist */ = {isa = PBXFileReference; fileEncoding = 4; lastKnownFileType = text.plist.xml; path = "GoogleService-Info.plist"; sourceTree = "<group>"; };
		0F813C3A25B694E90033017D /* textPost.app */ = {isa = PBXFileReference; explicitFileType = wrapper.application; includeInIndex = 0; path = textPost.app; sourceTree = BUILT_PRODUCTS_DIR; };
		0F813C3D25B694E90033017D /* AppDelegate.swift */ = {isa = PBXFileReference; lastKnownFileType = sourcecode.swift; path = AppDelegate.swift; sourceTree = "<group>"; };
		0F813C3F25B694E90033017D /* SceneDelegate.swift */ = {isa = PBXFileReference; lastKnownFileType = sourcecode.swift; path = SceneDelegate.swift; sourceTree = "<group>"; };
		0F813C4425B694E90033017D /* Base */ = {isa = PBXFileReference; lastKnownFileType = file.storyboard; name = Base; path = Base.lproj/Main.storyboard; sourceTree = "<group>"; };
		0F813C4625B694E90033017D /* Assets.xcassets */ = {isa = PBXFileReference; lastKnownFileType = folder.assetcatalog; path = Assets.xcassets; sourceTree = "<group>"; };
		0F813C4925B694E90033017D /* Base */ = {isa = PBXFileReference; lastKnownFileType = file.storyboard; name = Base; path = Base.lproj/LaunchScreen.storyboard; sourceTree = "<group>"; };
		0F813C4B25B694E90033017D /* Info.plist */ = {isa = PBXFileReference; lastKnownFileType = text.plist.xml; path = Info.plist; sourceTree = "<group>"; };
		0F813C5025B694E90033017D /* textPostTests.xctest */ = {isa = PBXFileReference; explicitFileType = wrapper.cfbundle; includeInIndex = 0; path = textPostTests.xctest; sourceTree = BUILT_PRODUCTS_DIR; };
		0F813C5425B694E90033017D /* textPostTests.swift */ = {isa = PBXFileReference; lastKnownFileType = sourcecode.swift; path = textPostTests.swift; sourceTree = "<group>"; };
		0F813C5625B694E90033017D /* Info.plist */ = {isa = PBXFileReference; lastKnownFileType = text.plist.xml; path = Info.plist; sourceTree = "<group>"; };
		0F813C5B25B694E90033017D /* textPostUITests.xctest */ = {isa = PBXFileReference; explicitFileType = wrapper.cfbundle; includeInIndex = 0; path = textPostUITests.xctest; sourceTree = BUILT_PRODUCTS_DIR; };
		0F813C5F25B694E90033017D /* textPostUITests.swift */ = {isa = PBXFileReference; lastKnownFileType = sourcecode.swift; path = textPostUITests.swift; sourceTree = "<group>"; };
		0F813C6125B694E90033017D /* Info.plist */ = {isa = PBXFileReference; lastKnownFileType = text.plist.xml; path = Info.plist; sourceTree = "<group>"; };
		0F813C7025B69D290033017D /* AddDiaryVC.swift */ = {isa = PBXFileReference; lastKnownFileType = sourcecode.swift; path = AddDiaryVC.swift; sourceTree = "<group>"; };
		0F813C7525B69D3A0033017D /* SaveDiaryVC.swift */ = {isa = PBXFileReference; lastKnownFileType = sourcecode.swift; path = SaveDiaryVC.swift; sourceTree = "<group>"; };
		0F813C7A25B69D490033017D /* LoadDiaryVC.swift */ = {isa = PBXFileReference; lastKnownFileType = sourcecode.swift; path = LoadDiaryVC.swift; sourceTree = "<group>"; };
/* End PBXFileReference section */

/* Begin PBXFrameworksBuildPhase section */
		0F813C3725B694E90033017D /* Frameworks */ = {
			isa = PBXFrameworksBuildPhase;
			buildActionMask = 2147483647;
			files = (
			);
			runOnlyForDeploymentPostprocessing = 0;
		};
		0F813C4D25B694E90033017D /* Frameworks */ = {
			isa = PBXFrameworksBuildPhase;
			buildActionMask = 2147483647;
			files = (
			);
			runOnlyForDeploymentPostprocessing = 0;
		};
		0F813C5825B694E90033017D /* Frameworks */ = {
			isa = PBXFrameworksBuildPhase;
			buildActionMask = 2147483647;
			files = (
			);
			runOnlyForDeploymentPostprocessing = 0;
		};
/* End PBXFrameworksBuildPhase section */

/* Begin PBXGroup section */
		0F813C3125B694E90033017D = {
			isa = PBXGroup;
			children = (
				0F813C3C25B694E90033017D /* textPost */,
				0F813C5325B694E90033017D /* textPostTests */,
				0F813C5E25B694E90033017D /* textPostUITests */,
				0F813C3B25B694E90033017D /* Products */,
			);
			sourceTree = "<group>";
		};
		0F813C3B25B694E90033017D /* Products */ = {
			isa = PBXGroup;
			children = (
				0F813C3A25B694E90033017D /* textPost.app */,
				0F813C5025B694E90033017D /* textPostTests.xctest */,
				0F813C5B25B694E90033017D /* textPostUITests.xctest */,
			);
			name = Products;
			sourceTree = "<group>";
		};
		0F813C3C25B694E90033017D /* textPost */ = {
			isa = PBXGroup;
			children = (
				0F68FA8325B705680071CB4B /* GoogleService-Info.plist */,
				0F813C3D25B694E90033017D /* AppDelegate.swift */,
				0F813C3F25B694E90033017D /* SceneDelegate.swift */,
				0F813C4325B694E90033017D /* Main.storyboard */,
				0F813C7025B69D290033017D /* AddDiaryVC.swift */,
				0F813C7525B69D3A0033017D /* SaveDiaryVC.swift */,
				0F813C7A25B69D490033017D /* LoadDiaryVC.swift */,
				0F813C4625B694E90033017D /* Assets.xcassets */,
				0F813C4825B694E90033017D /* LaunchScreen.storyboard */,
				0F813C4B25B694E90033017D /* Info.plist */,
			);
			path = textPost;
			sourceTree = "<group>";
		};
		0F813C5325B694E90033017D /* textPostTests */ = {
			isa = PBXGroup;
			children = (
				0F813C5425B694E90033017D /* textPostTests.swift */,
				0F813C5625B694E90033017D /* Info.plist */,
			);
			path = textPostTests;
			sourceTree = "<group>";
		};
		0F813C5E25B694E90033017D /* textPostUITests */ = {
			isa = PBXGroup;
			children = (
				0F813C5F25B694E90033017D /* textPostUITests.swift */,
				0F813C6125B694E90033017D /* Info.plist */,
			);
			path = textPostUITests;
			sourceTree = "<group>";
		};
/* End PBXGroup section */

/* Begin PBXNativeTarget section */
		0F813C3925B694E90033017D /* textPost */ = {
			isa = PBXNativeTarget;
			buildConfigurationList = 0F813C6425B694E90033017D /* Build configuration list for PBXNativeTarget "textPost" */;
			buildPhases = (
				0F813C3625B694E90033017D /* Sources */,
				0F813C3725B694E90033017D /* Frameworks */,
				0F813C3825B694E90033017D /* Resources */,
			);
			buildRules = (
			);
			dependencies = (
			);
			name = textPost;
			productName = textPost;
			productReference = 0F813C3A25B694E90033017D /* textPost.app */;
			productType = "com.apple.product-type.application";
		};
		0F813C4F25B694E90033017D /* textPostTests */ = {
			isa = PBXNativeTarget;
			buildConfigurationList = 0F813C6725B694E90033017D /* Build configuration list for PBXNativeTarget "textPostTests" */;
			buildPhases = (
				0F813C4C25B694E90033017D /* Sources */,
				0F813C4D25B694E90033017D /* Frameworks */,
				0F813C4E25B694E90033017D /* Resources */,
			);
			buildRules = (
			);
			dependencies = (
				0F813C5225B694E90033017D /* PBXTargetDependency */,
			);
			name = textPostTests;
			productName = textPostTests;
			productReference = 0F813C5025B694E90033017D /* textPostTests.xctest */;
			productType = "com.apple.product-type.bundle.unit-test";
		};
		0F813C5A25B694E90033017D /* textPostUITests */ = {
			isa = PBXNativeTarget;
			buildConfigurationList = 0F813C6A25B694E90033017D /* Build configuration list for PBXNativeTarget "textPostUITests" */;
			buildPhases = (
				0F813C5725B694E90033017D /* Sources */,
				0F813C5825B694E90033017D /* Frameworks */,
				0F813C5925B694E90033017D /* Resources */,
			);
			buildRules = (
			);
			dependencies = (
				0F813C5D25B694E90033017D /* PBXTargetDependency */,
			);
			name = textPostUITests;
			productName = textPostUITests;
			productReference = 0F813C5B25B694E90033017D /* textPostUITests.xctest */;
			productType = "com.apple.product-type.bundle.ui-testing";
		};
/* End PBXNativeTarget section */

/* Begin PBXProject section */
		0F813C3225B694E90033017D /* Project object */ = {
			isa = PBXProject;
			attributes = {
				LastSwiftUpdateCheck = 1230;
				LastUpgradeCheck = 1230;
				TargetAttributes = {
					0F813C3925B694E90033017D = {
						CreatedOnToolsVersion = 12.3;
					};
					0F813C4F25B694E90033017D = {
						CreatedOnToolsVersion = 12.3;
						TestTargetID = 0F813C3925B694E90033017D;
					};
					0F813C5A25B694E90033017D = {
						CreatedOnToolsVersion = 12.3;
						TestTargetID = 0F813C3925B694E90033017D;
					};
				};
			};
			buildConfigurationList = 0F813C3525B694E90033017D /* Build configuration list for PBXProject "textPost" */;
			compatibilityVersion = "Xcode 9.3";
			developmentRegion = en;
			hasScannedForEncodings = 0;
			knownRegions = (
				en,
				Base,
			);
			mainGroup = 0F813C3125B694E90033017D;
			productRefGroup = 0F813C3B25B694E90033017D /* Products */;
			projectDirPath = "";
			projectRoot = "";
			targets = (
				0F813C3925B694E90033017D /* textPost */,
				0F813C4F25B694E90033017D /* textPostTests */,
				0F813C5A25B694E90033017D /* textPostUITests */,
			);
		};
/* End PBXProject section */

/* Begin PBXResourcesBuildPhase section */
		0F813C3825B694E90033017D /* Resources */ = {
			isa = PBXResourcesBuildPhase;
			buildActionMask = 2147483647;
			files = (
				0F813C4A25B694E90033017D /* LaunchScreen.storyboard in Resources */,
				0F68FA8425B705680071CB4B /* GoogleService-Info.plist in Resources */,
				0F813C4725B694E90033017D /* Assets.xcassets in Resources */,
				0F813C4525B694E90033017D /* Main.storyboard in Resources */,
			);
			runOnlyForDeploymentPostprocessing = 0;
		};
		0F813C4E25B694E90033017D /* Resources */ = {
			isa = PBXResourcesBuildPhase;
			buildActionMask = 2147483647;
			files = (
			);
			runOnlyForDeploymentPostprocessing = 0;
		};
		0F813C5925B694E90033017D /* Resources */ = {
			isa = PBXResourcesBuildPhase;
			buildActionMask = 2147483647;
			files = (
			);
			runOnlyForDeploymentPostprocessing = 0;
		};
/* End PBXResourcesBuildPhase section */

/* Begin PBXSourcesBuildPhase section */
		0F813C3625B694E90033017D /* Sources */ = {
			isa = PBXSourcesBuildPhase;
			buildActionMask = 2147483647;
			files = (
				0F813C3E25B694E90033017D /* AppDelegate.swift in Sources */,
				0F813C7625B69D3A0033017D /* SaveDiaryVC.swift in Sources */,
				0F813C7125B69D290033017D /* AddDiaryVC.swift in Sources */,
				0F813C7B25B69D490033017D /* LoadDiaryVC.swift in Sources */,
				0F813C4025B694E90033017D /* SceneDelegate.swift in Sources */,
			);
			runOnlyForDeploymentPostprocessing = 0;
		};
		0F813C4C25B694E90033017D /* Sources */ = {
			isa = PBXSourcesBuildPhase;
			buildActionMask = 2147483647;
			files = (
				0F813C5525B694E90033017D /* textPostTests.swift in Sources */,
			);
			runOnlyForDeploymentPostprocessing = 0;
		};
		0F813C5725B694E90033017D /* Sources */ = {
			isa = PBXSourcesBuildPhase;
			buildActionMask = 2147483647;
			files = (
				0F813C6025B694E90033017D /* textPostUITests.swift in Sources */,
			);
			runOnlyForDeploymentPostprocessing = 0;
		};
/* End PBXSourcesBuildPhase section */

/* Begin PBXTargetDependency section */
		0F813C5225B694E90033017D /* PBXTargetDependency */ = {
			isa = PBXTargetDependency;
			target = 0F813C3925B694E90033017D /* textPost */;
			targetProxy = 0F813C5125B694E90033017D /* PBXContainerItemProxy */;
		};
		0F813C5D25B694E90033017D /* PBXTargetDependency */ = {
			isa = PBXTargetDependency;
			target = 0F813C3925B694E90033017D /* textPost */;
			targetProxy = 0F813C5C25B694E90033017D /* PBXContainerItemProxy */;
		};
/* End PBXTargetDependency section */

/* Begin PBXVariantGroup section */
		0F813C4325B694E90033017D /* Main.storyboard */ = {
			isa = PBXVariantGroup;
			children = (
				0F813C4425B694E90033017D /* Base */,
			);
			name = Main.storyboard;
			sourceTree = "<group>";
		};
		0F813C4825B694E90033017D /* LaunchScreen.storyboard */ = {
			isa = PBXVariantGroup;
			children = (
				0F813C4925B694E90033017D /* Base */,
			);
			name = LaunchScreen.storyboard;
			sourceTree = "<group>";
		};
/* End PBXVariantGroup section */

/* Begin XCBuildConfiguration section */
		0F813C6225B694E90033017D /* Debug */ = {
			isa = XCBuildConfiguration;
			buildSettings = {
				ALWAYS_SEARCH_USER_PATHS = NO;
				CLANG_ANALYZER_NONNULL = YES;
				CLANG_ANALYZER_NUMBER_OBJECT_CONVERSION = YES_AGGRESSIVE;
				CLANG_CXX_LANGUAGE_STANDARD = "gnu++14";
				CLANG_CXX_LIBRARY = "libc++";
				CLANG_ENABLE_MODULES = YES;
				CLANG_ENABLE_OBJC_ARC = YES;
				CLANG_ENABLE_OBJC_WEAK = YES;
				CLANG_WARN_BLOCK_CAPTURE_AUTORELEASING = YES;
				CLANG_WARN_BOOL_CONVERSION = YES;
				CLANG_WARN_COMMA = YES;
				CLANG_WARN_CONSTANT_CONVERSION = YES;
				CLANG_WARN_DEPRECATED_OBJC_IMPLEMENTATIONS = YES;
				CLANG_WARN_DIRECT_OBJC_ISA_USAGE = YES_ERROR;
				CLANG_WARN_DOCUMENTATION_COMMENTS = YES;
				CLANG_WARN_EMPTY_BODY = YES;
				CLANG_WARN_ENUM_CONVERSION = YES;
				CLANG_WARN_INFINITE_RECURSION = YES;
				CLANG_WARN_INT_CONVERSION = YES;
				CLANG_WARN_NON_LITERAL_NULL_CONVERSION = YES;
				CLANG_WARN_OBJC_IMPLICIT_RETAIN_SELF = YES;
				CLANG_WARN_OBJC_LITERAL_CONVERSION = YES;
				CLANG_WARN_OBJC_ROOT_CLASS = YES_ERROR;
				CLANG_WARN_QUOTED_INCLUDE_IN_FRAMEWORK_HEADER = YES;
				CLANG_WARN_RANGE_LOOP_ANALYSIS = YES;
				CLANG_WARN_STRICT_PROTOTYPES = YES;
				CLANG_WARN_SUSPICIOUS_MOVE = YES;
				CLANG_WARN_UNGUARDED_AVAILABILITY = YES_AGGRESSIVE;
				CLANG_WARN_UNREACHABLE_CODE = YES;
				CLANG_WARN__DUPLICATE_METHOD_MATCH = YES;
				COPY_PHASE_STRIP = NO;
				DEBUG_INFORMATION_FORMAT = dwarf;
				ENABLE_STRICT_OBJC_MSGSEND = YES;
				ENABLE_TESTABILITY = YES;
				GCC_C_LANGUAGE_STANDARD = gnu11;
				GCC_DYNAMIC_NO_PIC = NO;
				GCC_NO_COMMON_BLOCKS = YES;
				GCC_OPTIMIZATION_LEVEL = 0;
				GCC_PREPROCESSOR_DEFINITIONS = (
					"DEBUG=1",
					"$(inherited)",
				);
				GCC_WARN_64_TO_32_BIT_CONVERSION = YES;
				GCC_WARN_ABOUT_RETURN_TYPE = YES_ERROR;
				GCC_WARN_UNDECLARED_SELECTOR = YES;
				GCC_WARN_UNINITIALIZED_AUTOS = YES_AGGRESSIVE;
				GCC_WARN_UNUSED_FUNCTION = YES;
				GCC_WARN_UNUSED_VARIABLE = YES;
				IPHONEOS_DEPLOYMENT_TARGET = 14.3;
				MTL_ENABLE_DEBUG_INFO = INCLUDE_SOURCE;
				MTL_FAST_MATH = YES;
				ONLY_ACTIVE_ARCH = YES;
				SDKROOT = iphoneos;
				SWIFT_ACTIVE_COMPILATION_CONDITIONS = DEBUG;
				SWIFT_OPTIMIZATION_LEVEL = "-Onone";
			};
			name = Debug;
		};
		0F813C6325B694E90033017D /* Release */ = {
			isa = XCBuildConfiguration;
			buildSettings = {
				ALWAYS_SEARCH_USER_PATHS = NO;
				CLANG_ANALYZER_NONNULL = YES;
				CLANG_ANALYZER_NUMBER_OBJECT_CONVERSION = YES_AGGRESSIVE;
				CLANG_CXX_LANGUAGE_STANDARD = "gnu++14";
				CLANG_CXX_LIBRARY = "libc++";
				CLANG_ENABLE_MODULES = YES;
				CLANG_ENABLE_OBJC_ARC = YES;
				CLANG_ENABLE_OBJC_WEAK = YES;
				CLANG_WARN_BLOCK_CAPTURE_AUTORELEASING = YES;
				CLANG_WARN_BOOL_CONVERSION = YES;
				CLANG_WARN_COMMA = YES;
				CLANG_WARN_CONSTANT_CONVERSION = YES;
				CLANG_WARN_DEPRECATED_OBJC_IMPLEMENTATIONS = YES;
				CLANG_WARN_DIRECT_OBJC_ISA_USAGE = YES_ERROR;
				CLANG_WARN_DOCUMENTATION_COMMENTS = YES;
				CLANG_WARN_EMPTY_BODY = YES;
				CLANG_WARN_ENUM_CONVERSION = YES;
				CLANG_WARN_INFINITE_RECURSION = YES;
				CLANG_WARN_INT_CONVERSION = YES;
				CLANG_WARN_NON_LITERAL_NULL_CONVERSION = YES;
				CLANG_WARN_OBJC_IMPLICIT_RETAIN_SELF = YES;
				CLANG_WARN_OBJC_LITERAL_CONVERSION = YES;
				CLANG_WARN_OBJC_ROOT_CLASS = YES_ERROR;
				CLANG_WARN_QUOTED_INCLUDE_IN_FRAMEWORK_HEADER = YES;
				CLANG_WARN_RANGE_LOOP_ANALYSIS = YES;
				CLANG_WARN_STRICT_PROTOTYPES = YES;
				CLANG_WARN_SUSPICIOUS_MOVE = YES;
				CLANG_WARN_UNGUARDED_AVAILABILITY = YES_AGGRESSIVE;
				CLANG_WARN_UNREACHABLE_CODE = YES;
				CLANG_WARN__DUPLICATE_METHOD_MATCH = YES;
				COPY_PHASE_STRIP = NO;
				DEBUG_INFORMATION_FORMAT = "dwarf-with-dsym";
				ENABLE_NS_ASSERTIONS = NO;
				ENABLE_STRICT_OBJC_MSGSEND = YES;
				GCC_C_LANGUAGE_STANDARD = gnu11;
				GCC_NO_COMMON_BLOCKS = YES;
				GCC_WARN_64_TO_32_BIT_CONVERSION = YES;
				GCC_WARN_ABOUT_RETURN_TYPE = YES_ERROR;
				GCC_WARN_UNDECLARED_SELECTOR = YES;
				GCC_WARN_UNINITIALIZED_AUTOS = YES_AGGRESSIVE;
				GCC_WARN_UNUSED_FUNCTION = YES;
				GCC_WARN_UNUSED_VARIABLE = YES;
				IPHONEOS_DEPLOYMENT_TARGET = 14.3;
				MTL_ENABLE_DEBUG_INFO = NO;
				MTL_FAST_MATH = YES;
				SDKROOT = iphoneos;
				SWIFT_COMPILATION_MODE = wholemodule;
				SWIFT_OPTIMIZATION_LEVEL = "-O";
				VALIDATE_PRODUCT = YES;
			};
			name = Release;
		};
		0F813C6525B694E90033017D /* Debug */ = {
			isa = XCBuildConfiguration;
			buildSettings = {
				ASSETCATALOG_COMPILER_APPICON_NAME = AppIcon;
				ASSETCATALOG_COMPILER_GLOBAL_ACCENT_COLOR_NAME = AccentColor;
				CODE_SIGN_STYLE = Automatic;
				INFOPLIST_FILE = textPost/Info.plist;
				LD_RUNPATH_SEARCH_PATHS = (
					"$(inherited)",
					"@executable_path/Frameworks",
				);
				PRODUCT_BUNDLE_IDENTIFIER = com.bagus..textPost;
				PRODUCT_NAME = "$(TARGET_NAME)";
				SWIFT_VERSION = 5.0;
				TARGETED_DEVICE_FAMILY = "1,2";
			};
			name = Debug;
		};
		0F813C6625B694E90033017D /* Release */ = {
			isa = XCBuildConfiguration;
			buildSettings = {
				ASSETCATALOG_COMPILER_APPICON_NAME = AppIcon;
				ASSETCATALOG_COMPILER_GLOBAL_ACCENT_COLOR_NAME = AccentColor;
				CODE_SIGN_STYLE = Automatic;
				INFOPLIST_FILE = textPost/Info.plist;
				LD_RUNPATH_SEARCH_PATHS = (
					"$(inherited)",
					"@executable_path/Frameworks",
				);
				PRODUCT_BUNDLE_IDENTIFIER = com.bagus..textPost;
				PRODUCT_NAME = "$(TARGET_NAME)";
				SWIFT_VERSION = 5.0;
				TARGETED_DEVICE_FAMILY = "1,2";
			};
			name = Release;
		};
		0F813C6825B694E90033017D /* Debug */ = {
			isa = XCBuildConfiguration;
			buildSettings = {
				ALWAYS_EMBED_SWIFT_STANDARD_LIBRARIES = YES;
				BUNDLE_LOADER = "$(TEST_HOST)";
				CODE_SIGN_STYLE = Automatic;
				INFOPLIST_FILE = textPostTests/Info.plist;
				IPHONEOS_DEPLOYMENT_TARGET = 14.3;
				LD_RUNPATH_SEARCH_PATHS = (
					"$(inherited)",
					"@executable_path/Frameworks",
					"@loader_path/Frameworks",
				);
				PRODUCT_BUNDLE_IDENTIFIER = com.bagus..textPostTests;
				PRODUCT_NAME = "$(TARGET_NAME)";
				SWIFT_VERSION = 5.0;
				TARGETED_DEVICE_FAMILY = "1,2";
				TEST_HOST = "$(BUILT_PRODUCTS_DIR)/textPost.app/textPost";
			};
			name = Debug;
		};
		0F813C6925B694E90033017D /* Release */ = {
			isa = XCBuildConfiguration;
			buildSettings = {
				ALWAYS_EMBED_SWIFT_STANDARD_LIBRARIES = YES;
				BUNDLE_LOADER = "$(TEST_HOST)";
				CODE_SIGN_STYLE = Automatic;
				INFOPLIST_FILE = textPostTests/Info.plist;
				IPHONEOS_DEPLOYMENT_TARGET = 14.3;
				LD_RUNPATH_SEARCH_PATHS = (
					"$(inherited)",
					"@executable_path/Frameworks",
					"@loader_path/Frameworks",
				);
				PRODUCT_BUNDLE_IDENTIFIER = com.bagus..textPostTests;
				PRODUCT_NAME = "$(TARGET_NAME)";
				SWIFT_VERSION = 5.0;
				TARGETED_DEVICE_FAMILY = "1,2";
				TEST_HOST = "$(BUILT_PRODUCTS_DIR)/textPost.app/textPost";
			};
			name = Release;
		};
		0F813C6B25B694E90033017D /* Debug */ = {
			isa = XCBuildConfiguration;
			buildSettings = {
				ALWAYS_EMBED_SWIFT_STANDARD_LIBRARIES = YES;
				CODE_SIGN_STYLE = Automatic;
				INFOPLIST_FILE = textPostUITests/Info.plist;
				LD_RUNPATH_SEARCH_PATHS = (
					"$(inherited)",
					"@executable_path/Frameworks",
					"@loader_path/Frameworks",
				);
				PRODUCT_BUNDLE_IDENTIFIER = com.bagus..textPostUITests;
				PRODUCT_NAME = "$(TARGET_NAME)";
				SWIFT_VERSION = 5.0;
				TARGETED_DEVICE_FAMILY = "1,2";
				TEST_TARGET_NAME = textPost;
			};
			name = Debug;
		};
		0F813C6C25B694E90033017D /* Release */ = {
			isa = XCBuildConfiguration;
			buildSettings = {
				ALWAYS_EMBED_SWIFT_STANDARD_LIBRARIES = YES;
				CODE_SIGN_STYLE = Automatic;
				INFOPLIST_FILE = textPostUITests/Info.plist;
				LD_RUNPATH_SEARCH_PATHS = (
					"$(inherited)",
					"@executable_path/Frameworks",
					"@loader_path/Frameworks",
				);
				PRODUCT_BUNDLE_IDENTIFIER = com.bagus..textPostUITests;
				PRODUCT_NAME = "$(TARGET_NAME)";
				SWIFT_VERSION = 5.0;
				TARGETED_DEVICE_FAMILY = "1,2";
				TEST_TARGET_NAME = textPost;
			};
			name = Release;
		};
/* End XCBuildConfiguration section */

/* Begin XCConfigurationList section */
		0F813C3525B694E90033017D /* Build configuration list for PBXProject "textPost" */ = {
			isa = XCConfigurationList;
			buildConfigurations = (
				0F813C6225B694E90033017D /* Debug */,
				0F813C6325B694E90033017D /* Release */,
			);
			defaultConfigurationIsVisible = 0;
			defaultConfigurationName = Release;
		};
		0F813C6425B694E90033017D /* Build configuration list for PBXNativeTarget "textPost" */ = {
			isa = XCConfigurationList;
			buildConfigurations = (
				0F813C6525B694E90033017D /* Debug */,
				0F813C6625B694E90033017D /* Release */,
			);
			defaultConfigurationIsVisible = 0;
			defaultConfigurationName = Release;
		};
		0F813C6725B694E90033017D /* Build configuration list for PBXNativeTarget "textPostTests" */ = {
			isa = XCConfigurationList;
			buildConfigurations = (
				0F813C6825B694E90033017D /* Debug */,
				0F813C6925B694E90033017D /* Release */,
			);
			defaultConfigurationIsVisible = 0;
			defaultConfigurationName = Release;
		};
		0F813C6A25B694E90033017D /* Build configuration list for PBXNativeTarget "textPostUITests" */ = {
			isa = XCConfigurationList;
			buildConfigurations = (
				0F813C6B25B694E90033017D /* Debug */,
				0F813C6C25B694E90033017D /* Release */,
			);
			defaultConfigurationIsVisible = 0;
			defaultConfigurationName = Release;
		};
/* End XCConfigurationList section */
	};
	rootObject = 0F813C3225B694E90033017D /* Project object */;
}
